
Microsoft Visual Studio Solution File, Format Version 12.00
# Visual Studio Version 17
VisualStudioVersion = 17.13.35825.156 d17.13
MinimumVisualStudioVersion = 10.0.40219.1
Project("{FAE04EC0-301F-11D3-BF4B-00C04F79EFBC}") = "lesson1_task4_ankena", "lesson1_task4_ankena\lesson1_task4_ankena.csproj", "{A064BDCE-C0BC-4031-9F24-CF7E8C5E9DAA}"
EndProject
Global
	GlobalSection(SolutionConfigurationPlatforms) = preSolution
		Debug|Any CPU = Debug|Any CPU
		Release|Any CPU = Release|Any CPU
	EndGlobalSection
	GlobalSection(ProjectConfigurationPlatforms) = postSolution
		{A064BDCE-C0BC-4031-9F24-CF7E8C5E9DAA}.Debug|Any CPU.ActiveCfg = Debug|Any CPU
		{A064BDCE-C0BC-4031-9F24-CF7E8C5E9DAA}.Debug|Any CPU.Build.0 = Debug|Any CPU
		{A064BDCE-C0BC-4031-9F24-CF7E8C5E9DAA}.Release|Any CPU.ActiveCfg = Release|Any CPU
		{A064BDCE-C0BC-4031-9F24-CF7E8C5E9DAA}.Release|Any CPU.Build.0 = Release|Any CPU
	EndGlobalSection
	GlobalSection(SolutionProperties) = preSolution
		HideSolutionNode = FALSE
	EndGlobalSection
	GlobalSection(ExtensibilityGlobals) = postSolution
		SolutionGuid = {90A307D7-D575-47A6-BE1F-B6308DE8AA10}
	EndGlobalSection
EndGlobal
